// !$*UTF8*$!
{
	archiveVersion = 1;
	classes = {
	};
	objectVersion = 55;
	objects = {

/* Begin PBXBuildFile section */
		63C8BF7B2781411600E4AEEC /* Tests_iOS.swift in Sources */ = {isa = PBXBuildFile; fileRef = 63C8BF7A2781411600E4AEEC /* Tests_iOS.swift */; };
		63C8BF7D2781411600E4AEEC /* Tests_iOSLaunchTests.swift in Sources */ = {isa = PBXBuildFile; fileRef = 63C8BF7C2781411600E4AEEC /* Tests_iOSLaunchTests.swift */; };
		63C8BF872781411600E4AEEC /* Tests_macOS.swift in Sources */ = {isa = PBXBuildFile; fileRef = 63C8BF862781411600E4AEEC /* Tests_macOS.swift */; };
		63C8BF892781411600E4AEEC /* Tests_macOSLaunchTests.swift in Sources */ = {isa = PBXBuildFile; fileRef = 63C8BF882781411600E4AEEC /* Tests_macOSLaunchTests.swift */; };
		63C8BF8A2781411600E4AEEC /* FruitsApp.swift in Sources */ = {isa = PBXBuildFile; fileRef = 63C8BF622781411400E4AEEC /* FruitsApp.swift */; };
		63C8BF8B2781411600E4AEEC /* FruitsApp.swift in Sources */ = {isa = PBXBuildFile; fileRef = 63C8BF622781411400E4AEEC /* FruitsApp.swift */; };
		63C8BF8C2781411600E4AEEC /* ContentView.swift in Sources */ = {isa = PBXBuildFile; fileRef = 63C8BF632781411400E4AEEC /* ContentView.swift */; };
		63C8BF8D2781411600E4AEEC /* ContentView.swift in Sources */ = {isa = PBXBuildFile; fileRef = 63C8BF632781411400E4AEEC /* ContentView.swift */; };
		63C8BF8E2781411600E4AEEC /* Assets.xcassets in Resources */ = {isa = PBXBuildFile; fileRef = 63C8BF642781411600E4AEEC /* Assets.xcassets */; };
		63C8BF8F2781411600E4AEEC /* Assets.xcassets in Resources */ = {isa = PBXBuildFile; fileRef = 63C8BF642781411600E4AEEC /* Assets.xcassets */; };
		63C8BFA1278144D400E4AEEC /* FruitCard.swift in Sources */ = {isa = PBXBuildFile; fileRef = 63C8BFA0278144D400E4AEEC /* FruitCard.swift */; };
		63C8BFA2278144D400E4AEEC /* FruitCard.swift in Sources */ = {isa = PBXBuildFile; fileRef = 63C8BFA0278144D400E4AEEC /* FruitCard.swift */; };
		63C8BFA42781485A00E4AEEC /* StartButton.swift in Sources */ = {isa = PBXBuildFile; fileRef = 63C8BFA32781485A00E4AEEC /* StartButton.swift */; };
		63C8BFA52781485A00E4AEEC /* StartButton.swift in Sources */ = {isa = PBXBuildFile; fileRef = 63C8BFA32781485A00E4AEEC /* StartButton.swift */; };
		63C8BFA727814B1B00E4AEEC /* OnboardingView.swift in Sources */ = {isa = PBXBuildFile; fileRef = 63C8BFA627814B1B00E4AEEC /* OnboardingView.swift */; };
		63C8BFA827814B1B00E4AEEC /* OnboardingView.swift in Sources */ = {isa = PBXBuildFile; fileRef = 63C8BFA627814B1B00E4AEEC /* OnboardingView.swift */; };
		63C8BFAB27814CCE00E4AEEC /* Fruit.swift in Sources */ = {isa = PBXBuildFile; fileRef = 63C8BFAA27814CCE00E4AEEC /* Fruit.swift */; };
		63C8BFAC27814CCE00E4AEEC /* Fruit.swift in Sources */ = {isa = PBXBuildFile; fileRef = 63C8BFAA27814CCE00E4AEEC /* Fruit.swift */; };
		63C8BFAF27814D9700E4AEEC /* FruitData.swift in Sources */ = {isa = PBXBuildFile; fileRef = 63C8BFAE27814D9700E4AEEC /* FruitData.swift */; };
		63C8BFB027814D9700E4AEEC /* FruitData.swift in Sources */ = {isa = PBXBuildFile; fileRef = 63C8BFAE27814D9700E4AEEC /* FruitData.swift */; };
		63C8BFB2278152BB00E4AEEC /* FruitRow.swift in Sources */ = {isa = PBXBuildFile; fileRef = 63C8BFB1278152BB00E4AEEC /* FruitRow.swift */; };
		63C8BFB3278152BB00E4AEEC /* FruitRow.swift in Sources */ = {isa = PBXBuildFile; fileRef = 63C8BFB1278152BB00E4AEEC /* FruitRow.swift */; };
		63C8BFB52781846F00E4AEEC /* FruitDetailView.swift in Sources */ = {isa = PBXBuildFile; fileRef = 63C8BFB42781846F00E4AEEC /* FruitDetailView.swift */; };
		63C8BFB62781846F00E4AEEC /* FruitDetailView.swift in Sources */ = {isa = PBXBuildFile; fileRef = 63C8BFB42781846F00E4AEEC /* FruitDetailView.swift */; };
		63C8BFB82781871F00E4AEEC /* FruitHeader.swift in Sources */ = {isa = PBXBuildFile; fileRef = 63C8BFB72781871F00E4AEEC /* FruitHeader.swift */; };
		63C8BFB92781871F00E4AEEC /* FruitHeader.swift in Sources */ = {isa = PBXBuildFile; fileRef = 63C8BFB72781871F00E4AEEC /* FruitHeader.swift */; };
		63C8BFBB278189D100E4AEEC /* SourceLink.swift in Sources */ = {isa = PBXBuildFile; fileRef = 63C8BFBA278189D100E4AEEC /* SourceLink.swift */; };
		63C8BFBC278189D100E4AEEC /* SourceLink.swift in Sources */ = {isa = PBXBuildFile; fileRef = 63C8BFBA278189D100E4AEEC /* SourceLink.swift */; };
		63C8BFBE27818BCE00E4AEEC /* FruitNutrients.swift in Sources */ = {isa = PBXBuildFile; fileRef = 63C8BFBD27818BCE00E4AEEC /* FruitNutrients.swift */; };
		63C8BFBF27818BCE00E4AEEC /* FruitNutrients.swift in Sources */ = {isa = PBXBuildFile; fileRef = 63C8BFBD27818BCE00E4AEEC /* FruitNutrients.swift */; };
		63C8BFC127818E7000E4AEEC /* SettingsView.swift in Sources */ = {isa = PBXBuildFile; fileRef = 63C8BFC027818E7000E4AEEC /* SettingsView.swift */; };
		63C8BFC227818E7000E4AEEC /* SettingsView.swift in Sources */ = {isa = PBXBuildFile; fileRef = 63C8BFC027818E7000E4AEEC /* SettingsView.swift */; };
		63C8BFC4278191B700E4AEEC /* SettingsLabel.swift in Sources */ = {isa = PBXBuildFile; fileRef = 63C8BFC3278191B700E4AEEC /* SettingsLabel.swift */; };
		63C8BFC5278191B700E4AEEC /* SettingsLabel.swift in Sources */ = {isa = PBXBuildFile; fileRef = 63C8BFC3278191B700E4AEEC /* SettingsLabel.swift */; };
		63C8BFC72781941D00E4AEEC /* SettingsRow.swift in Sources */ = {isa = PBXBuildFile; fileRef = 63C8BFC62781941D00E4AEEC /* SettingsRow.swift */; };
		63C8BFC82781941D00E4AEEC /* SettingsRow.swift in Sources */ = {isa = PBXBuildFile; fileRef = 63C8BFC62781941D00E4AEEC /* SettingsRow.swift */; };
/* End PBXBuildFile section */

/* Begin PBXContainerItemProxy section */
		63C8BF772781411600E4AEEC /* PBXContainerItemProxy */ = {
			isa = PBXContainerItemProxy;
			containerPortal = 63C8BF5D2781411300E4AEEC /* Project object */;
			proxyType = 1;
			remoteGlobalIDString = 63C8BF682781411600E4AEEC;
			remoteInfo = "Fruits (iOS)";
		};
		63C8BF832781411600E4AEEC /* PBXContainerItemProxy */ = {
			isa = PBXContainerItemProxy;
			containerPortal = 63C8BF5D2781411300E4AEEC /* Project object */;
			proxyType = 1;
			remoteGlobalIDString = 63C8BF6E2781411600E4AEEC;
			remoteInfo = "Fruits (macOS)";
		};
/* End PBXContainerItemProxy section */

/* Begin PBXFileReference section */
		63C8BF622781411400E4AEEC /* FruitsApp.swift */ = {isa = PBXFileReference; lastKnownFileType = sourcecode.swift; path = FruitsApp.swift; sourceTree = "<group>"; };
		63C8BF632781411400E4AEEC /* ContentView.swift */ = {isa = PBXFileReference; lastKnownFileType = sourcecode.swift; path = ContentView.swift; sourceTree = "<group>"; };
		63C8BF642781411600E4AEEC /* Assets.xcassets */ = {isa = PBXFileReference; lastKnownFileType = folder.assetcatalog; path = Assets.xcassets; sourceTree = "<group>"; };
		63C8BF692781411600E4AEEC /* Fruits.app */ = {isa = PBXFileReference; explicitFileType = wrapper.application; includeInIndex = 0; path = Fruits.app; sourceTree = BUILT_PRODUCTS_DIR; };
		63C8BF6F2781411600E4AEEC /* Fruits.app */ = {isa = PBXFileReference; explicitFileType = wrapper.application; includeInIndex = 0; path = Fruits.app; sourceTree = BUILT_PRODUCTS_DIR; };
		63C8BF712781411600E4AEEC /* macOS.entitlements */ = {isa = PBXFileReference; lastKnownFileType = text.plist.entitlements; path = macOS.entitlements; sourceTree = "<group>"; };
		63C8BF762781411600E4AEEC /* Tests iOS.xctest */ = {isa = PBXFileReference; explicitFileType = wrapper.cfbundle; includeInIndex = 0; path = "Tests iOS.xctest"; sourceTree = BUILT_PRODUCTS_DIR; };
		63C8BF7A2781411600E4AEEC /* Tests_iOS.swift */ = {isa = PBXFileReference; lastKnownFileType = sourcecode.swift; path = Tests_iOS.swift; sourceTree = "<group>"; };
		63C8BF7C2781411600E4AEEC /* Tests_iOSLaunchTests.swift */ = {isa = PBXFileReference; lastKnownFileType = sourcecode.swift; path = Tests_iOSLaunchTests.swift; sourceTree = "<group>"; };
		63C8BF822781411600E4AEEC /* Tests macOS.xctest */ = {isa = PBXFileReference; explicitFileType = wrapper.cfbundle; includeInIndex = 0; path = "Tests macOS.xctest"; sourceTree = BUILT_PRODUCTS_DIR; };
		63C8BF862781411600E4AEEC /* Tests_macOS.swift */ = {isa = PBXFileReference; lastKnownFileType = sourcecode.swift; path = Tests_macOS.swift; sourceTree = "<group>"; };
		63C8BF882781411600E4AEEC /* Tests_macOSLaunchTests.swift */ = {isa = PBXFileReference; lastKnownFileType = sourcecode.swift; path = Tests_macOSLaunchTests.swift; sourceTree = "<group>"; };
		63C8BFA0278144D400E4AEEC /* FruitCard.swift */ = {isa = PBXFileReference; lastKnownFileType = sourcecode.swift; path = FruitCard.swift; sourceTree = "<group>"; };
		63C8BFA32781485A00E4AEEC /* StartButton.swift */ = {isa = PBXFileReference; lastKnownFileType = sourcecode.swift; path = StartButton.swift; sourceTree = "<group>"; };
		63C8BFA627814B1B00E4AEEC /* OnboardingView.swift */ = {isa = PBXFileReference; lastKnownFileType = sourcecode.swift; path = OnboardingView.swift; sourceTree = "<group>"; };
		63C8BFAA27814CCE00E4AEEC /* Fruit.swift */ = {isa = PBXFileReference; lastKnownFileType = sourcecode.swift; path = Fruit.swift; sourceTree = "<group>"; };
		63C8BFAE27814D9700E4AEEC /* FruitData.swift */ = {isa = PBXFileReference; lastKnownFileType = sourcecode.swift; path = FruitData.swift; sourceTree = "<group>"; };
		63C8BFB1278152BB00E4AEEC /* FruitRow.swift */ = {isa = PBXFileReference; lastKnownFileType = sourcecode.swift; path = FruitRow.swift; sourceTree = "<group>"; };
		63C8BFB42781846F00E4AEEC /* FruitDetailView.swift */ = {isa = PBXFileReference; lastKnownFileType = sourcecode.swift; path = FruitDetailView.swift; sourceTree = "<group>"; };
		63C8BFB72781871F00E4AEEC /* FruitHeader.swift */ = {isa = PBXFileReference; lastKnownFileType = sourcecode.swift; path = FruitHeader.swift; sourceTree = "<group>"; };
		63C8BFBA278189D100E4AEEC /* SourceLink.swift */ = {isa = PBXFileReference; lastKnownFileType = sourcecode.swift; path = SourceLink.swift; sourceTree = "<group>"; };
		63C8BFBD27818BCE00E4AEEC /* FruitNutrients.swift */ = {isa = PBXFileReference; lastKnownFileType = sourcecode.swift; path = FruitNutrients.swift; sourceTree = "<group>"; };
		63C8BFC027818E7000E4AEEC /* SettingsView.swift */ = {isa = PBXFileReference; lastKnownFileType = sourcecode.swift; path = SettingsView.swift; sourceTree = "<group>"; };
		63C8BFC3278191B700E4AEEC /* SettingsLabel.swift */ = {isa = PBXFileReference; lastKnownFileType = sourcecode.swift; path = SettingsLabel.swift; sourceTree = "<group>"; };
		63C8BFC62781941D00E4AEEC /* SettingsRow.swift */ = {isa = PBXFileReference; lastKnownFileType = sourcecode.swift; path = SettingsRow.swift; sourceTree = "<group>"; };
/* End PBXFileReference section */

/* Begin PBXFrameworksBuildPhase section */
		63C8BF662781411600E4AEEC /* Frameworks */ = {
			isa = PBXFrameworksBuildPhase;
			buildActionMask = 2147483647;
			files = (
			);
			runOnlyForDeploymentPostprocessing = 0;
		};
		63C8BF6C2781411600E4AEEC /* Frameworks */ = {
			isa = PBXFrameworksBuildPhase;
			buildActionMask = 2147483647;
			files = (
			);
			runOnlyForDeploymentPostprocessing = 0;
		};
		63C8BF732781411600E4AEEC /* Frameworks */ = {
			isa = PBXFrameworksBuildPhase;
			buildActionMask = 2147483647;
			files = (
			);
			runOnlyForDeploymentPostprocessing = 0;
		};
		63C8BF7F2781411600E4AEEC /* Frameworks */ = {
			isa = PBXFrameworksBuildPhase;
			buildActionMask = 2147483647;
			files = (
			);
			runOnlyForDeploymentPostprocessing = 0;
		};
/* End PBXFrameworksBuildPhase section */

/* Begin PBXGroup section */
		63C8BF5C2781411300E4AEEC = {
			isa = PBXGroup;
			children = (
				63C8BF612781411400E4AEEC /* Shared */,
				63C8BF702781411600E4AEEC /* macOS */,
				63C8BF792781411600E4AEEC /* Tests iOS */,
				63C8BF852781411600E4AEEC /* Tests macOS */,
				63C8BF6A2781411600E4AEEC /* Products */,
			);
			sourceTree = "<group>";
		};
		63C8BF612781411400E4AEEC /* Shared */ = {
			isa = PBXGroup;
			children = (
				63C8BFAD27814D8B00E4AEEC /* Data */,
				63C8BFA927814CB800E4AEEC /* Modal */,
				63C8BF9F278144B600E4AEEC /* View */,
				63C8BF9E2781449B00E4AEEC /* App */,
				63C8BF642781411600E4AEEC /* Assets.xcassets */,
			);
			path = Shared;
			sourceTree = "<group>";
		};
		63C8BF6A2781411600E4AEEC /* Products */ = {
			isa = PBXGroup;
			children = (
				63C8BF692781411600E4AEEC /* Fruits.app */,
				63C8BF6F2781411600E4AEEC /* Fruits.app */,
				63C8BF762781411600E4AEEC /* Tests iOS.xctest */,
				63C8BF822781411600E4AEEC /* Tests macOS.xctest */,
			);
			name = Products;
			sourceTree = "<group>";
		};
		63C8BF702781411600E4AEEC /* macOS */ = {
			isa = PBXGroup;
			children = (
				63C8BF712781411600E4AEEC /* macOS.entitlements */,
			);
			path = macOS;
			sourceTree = "<group>";
		};
		63C8BF792781411600E4AEEC /* Tests iOS */ = {
			isa = PBXGroup;
			children = (
				63C8BF7A2781411600E4AEEC /* Tests_iOS.swift */,
				63C8BF7C2781411600E4AEEC /* Tests_iOSLaunchTests.swift */,
			);
			path = "Tests iOS";
			sourceTree = "<group>";
		};
		63C8BF852781411600E4AEEC /* Tests macOS */ = {
			isa = PBXGroup;
			children = (
				63C8BF862781411600E4AEEC /* Tests_macOS.swift */,
				63C8BF882781411600E4AEEC /* Tests_macOSLaunchTests.swift */,
			);
			path = "Tests macOS";
			sourceTree = "<group>";
		};
		63C8BF9E2781449B00E4AEEC /* App */ = {
			isa = PBXGroup;
			children = (
				63C8BF622781411400E4AEEC /* FruitsApp.swift */,
				63C8BF632781411400E4AEEC /* ContentView.swift */,
				63C8BFA627814B1B00E4AEEC /* OnboardingView.swift */,
				63C8BFB42781846F00E4AEEC /* FruitDetailView.swift */,
				63C8BFC027818E7000E4AEEC /* SettingsView.swift */,
			);
			path = App;
			sourceTree = "<group>";
		};
		63C8BF9F278144B600E4AEEC /* View */ = {
			isa = PBXGroup;
			children = (
				63C8BFA0278144D400E4AEEC /* FruitCard.swift */,
				63C8BFA32781485A00E4AEEC /* StartButton.swift */,
				63C8BFB1278152BB00E4AEEC /* FruitRow.swift */,
				63C8BFB72781871F00E4AEEC /* FruitHeader.swift */,
				63C8BFBA278189D100E4AEEC /* SourceLink.swift */,
				63C8BFBD27818BCE00E4AEEC /* FruitNutrients.swift */,
				63C8BFC3278191B700E4AEEC /* SettingsLabel.swift */,
				63C8BFC62781941D00E4AEEC /* SettingsRow.swift */,
			);
			path = View;
			sourceTree = "<group>";
		};
		63C8BFA927814CB800E4AEEC /* Modal */ = {
			isa = PBXGroup;
			children = (
				63C8BFAA27814CCE00E4AEEC /* Fruit.swift */,
			);
			path = Modal;
			sourceTree = "<group>";
		};
		63C8BFAD27814D8B00E4AEEC /* Data */ = {
			isa = PBXGroup;
			children = (
				63C8BFAE27814D9700E4AEEC /* FruitData.swift */,
			);
			path = Data;
			sourceTree = "<group>";
		};
/* End PBXGroup section */

/* Begin PBXNativeTarget section */
		63C8BF682781411600E4AEEC /* Fruits (iOS) */ = {
			isa = PBXNativeTarget;
			buildConfigurationList = 63C8BF922781411600E4AEEC /* Build configuration list for PBXNativeTarget "Fruits (iOS)" */;
			buildPhases = (
				63C8BF652781411600E4AEEC /* Sources */,
				63C8BF662781411600E4AEEC /* Frameworks */,
				63C8BF672781411600E4AEEC /* Resources */,
			);
			buildRules = (
			);
			dependencies = (
			);
			name = "Fruits (iOS)";
			productName = "Fruits (iOS)";
			productReference = 63C8BF692781411600E4AEEC /* Fruits.app */;
			productType = "com.apple.product-type.application";
		};
		63C8BF6E2781411600E4AEEC /* Fruits (macOS) */ = {
			isa = PBXNativeTarget;
			buildConfigurationList = 63C8BF952781411600E4AEEC /* Build configuration list for PBXNativeTarget "Fruits (macOS)" */;
			buildPhases = (
				63C8BF6B2781411600E4AEEC /* Sources */,
				63C8BF6C2781411600E4AEEC /* Frameworks */,
				63C8BF6D2781411600E4AEEC /* Resources */,
			);
			buildRules = (
			);
			dependencies = (
			);
			name = "Fruits (macOS)";
			productName = "Fruits (macOS)";
			productReference = 63C8BF6F2781411600E4AEEC /* Fruits.app */;
			productType = "com.apple.product-type.application";
		};
		63C8BF752781411600E4AEEC /* Tests iOS */ = {
			isa = PBXNativeTarget;
			buildConfigurationList = 63C8BF982781411600E4AEEC /* Build configuration list for PBXNativeTarget "Tests iOS" */;
			buildPhases = (
				63C8BF722781411600E4AEEC /* Sources */,
				63C8BF732781411600E4AEEC /* Frameworks */,
				63C8BF742781411600E4AEEC /* Resources */,
			);
			buildRules = (
			);
			dependencies = (
				63C8BF782781411600E4AEEC /* PBXTargetDependency */,
			);
			name = "Tests iOS";
			productName = "Tests iOS";
			productReference = 63C8BF762781411600E4AEEC /* Tests iOS.xctest */;
			productType = "com.apple.product-type.bundle.ui-testing";
		};
		63C8BF812781411600E4AEEC /* Tests macOS */ = {
			isa = PBXNativeTarget;
			buildConfigurationList = 63C8BF9B2781411600E4AEEC /* Build configuration list for PBXNativeTarget "Tests macOS" */;
			buildPhases = (
				63C8BF7E2781411600E4AEEC /* Sources */,
				63C8BF7F2781411600E4AEEC /* Frameworks */,
				63C8BF802781411600E4AEEC /* Resources */,
			);
			buildRules = (
			);
			dependencies = (
				63C8BF842781411600E4AEEC /* PBXTargetDependency */,
			);
			name = "Tests macOS";
			productName = "Tests macOS";
			productReference = 63C8BF822781411600E4AEEC /* Tests macOS.xctest */;
			productType = "com.apple.product-type.bundle.ui-testing";
		};
/* End PBXNativeTarget section */

/* Begin PBXProject section */
		63C8BF5D2781411300E4AEEC /* Project object */ = {
			isa = PBXProject;
			attributes = {
				BuildIndependentTargetsInParallel = 1;
				LastSwiftUpdateCheck = 1310;
				LastUpgradeCheck = 1310;
				TargetAttributes = {
					63C8BF682781411600E4AEEC = {
						CreatedOnToolsVersion = 13.1;
					};
					63C8BF6E2781411600E4AEEC = {
						CreatedOnToolsVersion = 13.1;
					};
					63C8BF752781411600E4AEEC = {
						CreatedOnToolsVersion = 13.1;
						TestTargetID = 63C8BF682781411600E4AEEC;
					};
					63C8BF812781411600E4AEEC = {
						CreatedOnToolsVersion = 13.1;
						TestTargetID = 63C8BF6E2781411600E4AEEC;
					};
				};
			};
			buildConfigurationList = 63C8BF602781411300E4AEEC /* Build configuration list for PBXProject "Fruits" */;
			compatibilityVersion = "Xcode 13.0";
			developmentRegion = en;
			hasScannedForEncodings = 0;
			knownRegions = (
				en,
				Base,
			);
			mainGroup = 63C8BF5C2781411300E4AEEC;
			productRefGroup = 63C8BF6A2781411600E4AEEC /* Products */;
			projectDirPath = "";
			projectRoot = "";
			targets = (
				63C8BF682781411600E4AEEC /* Fruits (iOS) */,
				63C8BF6E2781411600E4AEEC /* Fruits (macOS) */,
				63C8BF752781411600E4AEEC /* Tests iOS */,
				63C8BF812781411600E4AEEC /* Tests macOS */,
			);
		};
/* End PBXProject section */

/* Begin PBXResourcesBuildPhase section */
		63C8BF672781411600E4AEEC /* Resources */ = {
			isa = PBXResourcesBuildPhase;
			buildActionMask = 2147483647;
			files = (
				63C8BF8E2781411600E4AEEC /* Assets.xcassets in Resources */,
			);
			runOnlyForDeploymentPostprocessing = 0;
		};
		63C8BF6D2781411600E4AEEC /* Resources */ = {
			isa = PBXResourcesBuildPhase;
			buildActionMask = 2147483647;
			files = (
				63C8BF8F2781411600E4AEEC /* Assets.xcassets in Resources */,
			);
			runOnlyForDeploymentPostprocessing = 0;
		};
		63C8BF742781411600E4AEEC /* Resources */ = {
			isa = PBXResourcesBuildPhase;
			buildActionMask = 2147483647;
			files = (
			);
			runOnlyForDeploymentPostprocessing = 0;
		};
		63C8BF802781411600E4AEEC /* Resources */ = {
			isa = PBXResourcesBuildPhase;
			buildActionMask = 2147483647;
			files = (
			);
			runOnlyForDeploymentPostprocessing = 0;
		};
/* End PBXResourcesBuildPhase section */

/* Begin PBXSourcesBuildPhase section */
		63C8BF652781411600E4AEEC /* Sources */ = {
			isa = PBXSourcesBuildPhase;
			buildActionMask = 2147483647;
			files = (
				63C8BFAF27814D9700E4AEEC /* FruitData.swift in Sources */,
				63C8BFAB27814CCE00E4AEEC /* Fruit.swift in Sources */,
				63C8BFB52781846F00E4AEEC /* FruitDetailView.swift in Sources */,
				63C8BFA1278144D400E4AEEC /* FruitCard.swift in Sources */,
				63C8BFB2278152BB00E4AEEC /* FruitRow.swift in Sources */,
				63C8BFBE27818BCE00E4AEEC /* FruitNutrients.swift in Sources */,
				63C8BF8C2781411600E4AEEC /* ContentView.swift in Sources */,
				63C8BFC4278191B700E4AEEC /* SettingsLabel.swift in Sources */,
				63C8BFA42781485A00E4AEEC /* StartButton.swift in Sources */,
				63C8BFA727814B1B00E4AEEC /* OnboardingView.swift in Sources */,
				63C8BFBB278189D100E4AEEC /* SourceLink.swift in Sources */,
				63C8BFC72781941D00E4AEEC /* SettingsRow.swift in Sources */,
				63C8BF8A2781411600E4AEEC /* FruitsApp.swift in Sources */,
				63C8BFB82781871F00E4AEEC /* FruitHeader.swift in Sources */,
				63C8BFC127818E7000E4AEEC /* SettingsView.swift in Sources */,
			);
			runOnlyForDeploymentPostprocessing = 0;
		};
		63C8BF6B2781411600E4AEEC /* Sources */ = {
			isa = PBXSourcesBuildPhase;
			buildActionMask = 2147483647;
			files = (
				63C8BFB027814D9700E4AEEC /* FruitData.swift in Sources */,
				63C8BFAC27814CCE00E4AEEC /* Fruit.swift in Sources */,
				63C8BFB62781846F00E4AEEC /* FruitDetailView.swift in Sources */,
				63C8BFA2278144D400E4AEEC /* FruitCard.swift in Sources */,
				63C8BFB3278152BB00E4AEEC /* FruitRow.swift in Sources */,
				63C8BFBF27818BCE00E4AEEC /* FruitNutrients.swift in Sources */,
				63C8BF8D2781411600E4AEEC /* ContentView.swift in Sources */,
				63C8BFC5278191B700E4AEEC /* SettingsLabel.swift in Sources */,
				63C8BFA52781485A00E4AEEC /* StartButton.swift in Sources */,
				63C8BFA827814B1B00E4AEEC /* OnboardingView.swift in Sources */,
				63C8BFBC278189D100E4AEEC /* SourceLink.swift in Sources */,
				63C8BFC82781941D00E4AEEC /* SettingsRow.swift in Sources */,
				63C8BF8B2781411600E4AEEC /* FruitsApp.swift in Sources */,
				63C8BFB92781871F00E4AEEC /* FruitHeader.swift in Sources */,
				63C8BFC227818E7000E4AEEC /* SettingsView.swift in Sources */,
			);
			runOnlyForDeploymentPostprocessing = 0;
		};
		63C8BF722781411600E4AEEC /* Sources */ = {
			isa = PBXSourcesBuildPhase;
			buildActionMask = 2147483647;
			files = (
				63C8BF7D2781411600E4AEEC /* Tests_iOSLaunchTests.swift in Sources */,
				63C8BF7B2781411600E4AEEC /* Tests_iOS.swift in Sources */,
			);
			runOnlyForDeploymentPostprocessing = 0;
		};
		63C8BF7E2781411600E4AEEC /* Sources */ = {
			isa = PBXSourcesBuildPhase;
			buildActionMask = 2147483647;
			files = (
				63C8BF892781411600E4AEEC /* Tests_macOSLaunchTests.swift in Sources */,
				63C8BF872781411600E4AEEC /* Tests_macOS.swift in Sources */,
			);
			runOnlyForDeploymentPostprocessing = 0;
		};
/* End PBXSourcesBuildPhase section */

/* Begin PBXTargetDependency section */
		63C8BF782781411600E4AEEC /* PBXTargetDependency */ = {
			isa = PBXTargetDependency;
			target = 63C8BF682781411600E4AEEC /* Fruits (iOS) */;
			targetProxy = 63C8BF772781411600E4AEEC /* PBXContainerItemProxy */;
		};
		63C8BF842781411600E4AEEC /* PBXTargetDependency */ = {
			isa = PBXTargetDependency;
			target = 63C8BF6E2781411600E4AEEC /* Fruits (macOS) */;
			targetProxy = 63C8BF832781411600E4AEEC /* PBXContainerItemProxy */;
		};
/* End PBXTargetDependency section */

/* Begin XCBuildConfiguration section */
		63C8BF902781411600E4AEEC /* Debug */ = {
			isa = XCBuildConfiguration;
			buildSettings = {
				ALWAYS_SEARCH_USER_PATHS = NO;
				CLANG_ANALYZER_NONNULL = YES;
				CLANG_ANALYZER_NUMBER_OBJECT_CONVERSION = YES_AGGRESSIVE;
				CLANG_CXX_LANGUAGE_STANDARD = "gnu++17";
				CLANG_CXX_LIBRARY = "libc++";
				CLANG_ENABLE_MODULES = YES;
				CLANG_ENABLE_OBJC_ARC = YES;
				CLANG_ENABLE_OBJC_WEAK = YES;
				CLANG_WARN_BLOCK_CAPTURE_AUTORELEASING = YES;
				CLANG_WARN_BOOL_CONVERSION = YES;
				CLANG_WARN_COMMA = YES;
				CLANG_WARN_CONSTANT_CONVERSION = YES;
				CLANG_WARN_DEPRECATED_OBJC_IMPLEMENTATIONS = YES;
				CLANG_WARN_DIRECT_OBJC_ISA_USAGE = YES_ERROR;
				CLANG_WARN_DOCUMENTATION_COMMENTS = YES;
				CLANG_WARN_EMPTY_BODY = YES;
				CLANG_WARN_ENUM_CONVERSION = YES;
				CLANG_WARN_INFINITE_RECURSION = YES;
				CLANG_WARN_INT_CONVERSION = YES;
				CLANG_WARN_NON_LITERAL_NULL_CONVERSION = YES;
				CLANG_WARN_OBJC_IMPLICIT_RETAIN_SELF = YES;
				CLANG_WARN_OBJC_LITERAL_CONVERSION = YES;
				CLANG_WARN_OBJC_ROOT_CLASS = YES_ERROR;
				CLANG_WARN_QUOTED_INCLUDE_IN_FRAMEWORK_HEADER = YES;
				CLANG_WARN_RANGE_LOOP_ANALYSIS = YES;
				CLANG_WARN_STRICT_PROTOTYPES = YES;
				CLANG_WARN_SUSPICIOUS_MOVE = YES;
				CLANG_WARN_UNGUARDED_AVAILABILITY = YES_AGGRESSIVE;
				CLANG_WARN_UNREACHABLE_CODE = YES;
				CLANG_WARN__DUPLICATE_METHOD_MATCH = YES;
				COPY_PHASE_STRIP = NO;
				DEBUG_INFORMATION_FORMAT = dwarf;
				ENABLE_STRICT_OBJC_MSGSEND = YES;
				ENABLE_TESTABILITY = YES;
				GCC_C_LANGUAGE_STANDARD = gnu11;
				GCC_DYNAMIC_NO_PIC = NO;
				GCC_NO_COMMON_BLOCKS = YES;
				GCC_OPTIMIZATION_LEVEL = 0;
				GCC_PREPROCESSOR_DEFINITIONS = (
					"DEBUG=1",
					"$(inherited)",
				);
				GCC_WARN_64_TO_32_BIT_CONVERSION = YES;
				GCC_WARN_ABOUT_RETURN_TYPE = YES_ERROR;
				GCC_WARN_UNDECLARED_SELECTOR = YES;
				GCC_WARN_UNINITIALIZED_AUTOS = YES_AGGRESSIVE;
				GCC_WARN_UNUSED_FUNCTION = YES;
				GCC_WARN_UNUSED_VARIABLE = YES;
				MTL_ENABLE_DEBUG_INFO = INCLUDE_SOURCE;
				MTL_FAST_MATH = YES;
				ONLY_ACTIVE_ARCH = YES;
				SWIFT_ACTIVE_COMPILATION_CONDITIONS = DEBUG;
				SWIFT_OPTIMIZATION_LEVEL = "-Onone";
			};
			name = Debug;
		};
		63C8BF912781411600E4AEEC /* Release */ = {
			isa = XCBuildConfiguration;
			buildSettings = {
				ALWAYS_SEARCH_USER_PATHS = NO;
				CLANG_ANALYZER_NONNULL = YES;
				CLANG_ANALYZER_NUMBER_OBJECT_CONVERSION = YES_AGGRESSIVE;
				CLANG_CXX_LANGUAGE_STANDARD = "gnu++17";
				CLANG_CXX_LIBRARY = "libc++";
				CLANG_ENABLE_MODULES = YES;
				CLANG_ENABLE_OBJC_ARC = YES;
				CLANG_ENABLE_OBJC_WEAK = YES;
				CLANG_WARN_BLOCK_CAPTURE_AUTORELEASING = YES;
				CLANG_WARN_BOOL_CONVERSION = YES;
				CLANG_WARN_COMMA = YES;
				CLANG_WARN_CONSTANT_CONVERSION = YES;
				CLANG_WARN_DEPRECATED_OBJC_IMPLEMENTATIONS = YES;
				CLANG_WARN_DIRECT_OBJC_ISA_USAGE = YES_ERROR;
				CLANG_WARN_DOCUMENTATION_COMMENTS = YES;
				CLANG_WARN_EMPTY_BODY = YES;
				CLANG_WARN_ENUM_CONVERSION = YES;
				CLANG_WARN_INFINITE_RECURSION = YES;
				CLANG_WARN_INT_CONVERSION = YES;
				CLANG_WARN_NON_LITERAL_NULL_CONVERSION = YES;
				CLANG_WARN_OBJC_IMPLICIT_RETAIN_SELF = YES;
				CLANG_WARN_OBJC_LITERAL_CONVERSION = YES;
				CLANG_WARN_OBJC_ROOT_CLASS = YES_ERROR;
				CLANG_WARN_QUOTED_INCLUDE_IN_FRAMEWORK_HEADER = YES;
				CLANG_WARN_RANGE_LOOP_ANALYSIS = YES;
				CLANG_WARN_STRICT_PROTOTYPES = YES;
				CLANG_WARN_SUSPICIOUS_MOVE = YES;
				CLANG_WARN_UNGUARDED_AVAILABILITY = YES_AGGRESSIVE;
				CLANG_WARN_UNREACHABLE_CODE = YES;
				CLANG_WARN__DUPLICATE_METHOD_MATCH = YES;
				COPY_PHASE_STRIP = NO;
				DEBUG_INFORMATION_FORMAT = "dwarf-with-dsym";
				ENABLE_NS_ASSERTIONS = NO;
				ENABLE_STRICT_OBJC_MSGSEND = YES;
				GCC_C_LANGUAGE_STANDARD = gnu11;
				GCC_NO_COMMON_BLOCKS = YES;
				GCC_WARN_64_TO_32_BIT_CONVERSION = YES;
				GCC_WARN_ABOUT_RETURN_TYPE = YES_ERROR;
				GCC_WARN_UNDECLARED_SELECTOR = YES;
				GCC_WARN_UNINITIALIZED_AUTOS = YES_AGGRESSIVE;
				GCC_WARN_UNUSED_FUNCTION = YES;
				GCC_WARN_UNUSED_VARIABLE = YES;
				MTL_ENABLE_DEBUG_INFO = NO;
				MTL_FAST_MATH = YES;
				SWIFT_COMPILATION_MODE = wholemodule;
				SWIFT_OPTIMIZATION_LEVEL = "-O";
			};
			name = Release;
		};
		63C8BF932781411600E4AEEC /* Debug */ = {
			isa = XCBuildConfiguration;
			buildSettings = {
				ASSETCATALOG_COMPILER_APPICON_NAME = AppIcon;
				ASSETCATALOG_COMPILER_GLOBAL_ACCENT_COLOR_NAME = AccentColor;
				CODE_SIGN_STYLE = Automatic;
				CURRENT_PROJECT_VERSION = 1;
				DEVELOPMENT_TEAM = 5SK3M6FYSQ;
				ENABLE_PREVIEWS = YES;
				GENERATE_INFOPLIST_FILE = YES;
				INFOPLIST_KEY_UIApplicationSceneManifest_Generation = YES;
				INFOPLIST_KEY_UIApplicationSupportsIndirectInputEvents = YES;
				INFOPLIST_KEY_UILaunchScreen_Generation = YES;
				INFOPLIST_KEY_UISupportedInterfaceOrientations = UIInterfaceOrientationPortrait;
				INFOPLIST_KEY_UISupportedInterfaceOrientations_iPad = "UIInterfaceOrientationPortrait UIInterfaceOrientationPortraitUpsideDown UIInterfaceOrientationLandscapeLeft UIInterfaceOrientationLandscapeRight";
				INFOPLIST_KEY_UISupportedInterfaceOrientations_iPhone = "UIInterfaceOrientationPortrait UIInterfaceOrientationLandscapeLeft UIInterfaceOrientationLandscapeRight";
				IPHONEOS_DEPLOYMENT_TARGET = 15.0;
				LD_RUNPATH_SEARCH_PATHS = (
					"$(inherited)",
					"@executable_path/Frameworks",
				);
				MARKETING_VERSION = 1.0;
				PRODUCT_BUNDLE_IDENTIFIER = com.ezrabathini.Fruits;
				PRODUCT_NAME = Fruits;
				SDKROOT = iphoneos;
				SWIFT_EMIT_LOC_STRINGS = YES;
				SWIFT_VERSION = 5.0;
				TARGETED_DEVICE_FAMILY = "1,2";
			};
			name = Debug;
		};
		63C8BF942781411600E4AEEC /* Release */ = {
			isa = XCBuildConfiguration;
			buildSettings = {
				ASSETCATALOG_COMPILER_APPICON_NAME = AppIcon;
				ASSETCATALOG_COMPILER_GLOBAL_ACCENT_COLOR_NAME = AccentColor;
				CODE_SIGN_STYLE = Automatic;
				CURRENT_PROJECT_VERSION = 1;
				DEVELOPMENT_TEAM = 5SK3M6FYSQ;
				ENABLE_PREVIEWS = YES;
				GENERATE_INFOPLIST_FILE = YES;
				INFOPLIST_KEY_UIApplicationSceneManifest_Generation = YES;
				INFOPLIST_KEY_UIApplicationSupportsIndirectInputEvents = YES;
				INFOPLIST_KEY_UILaunchScreen_Generation = YES;
				INFOPLIST_KEY_UISupportedInterfaceOrientations = UIInterfaceOrientationPortrait;
				INFOPLIST_KEY_UISupportedInterfaceOrientations_iPad = "UIInterfaceOrientationPortrait UIInterfaceOrientationPortraitUpsideDown UIInterfaceOrientationLandscapeLeft UIInterfaceOrientationLandscapeRight";
				INFOPLIST_KEY_UISupportedInterfaceOrientations_iPhone = "UIInterfaceOrientationPortrait UIInterfaceOrientationLandscapeLeft UIInterfaceOrientationLandscapeRight";
				IPHONEOS_DEPLOYMENT_TARGET = 15.0;
				LD_RUNPATH_SEARCH_PATHS = (
					"$(inherited)",
					"@executable_path/Frameworks",
				);
				MARKETING_VERSION = 1.0;
				PRODUCT_BUNDLE_IDENTIFIER = com.ezrabathini.Fruits;
				PRODUCT_NAME = Fruits;
				SDKROOT = iphoneos;
				SWIFT_EMIT_LOC_STRINGS = YES;
				SWIFT_VERSION = 5.0;
				TARGETED_DEVICE_FAMILY = "1,2";
				VALIDATE_PRODUCT = YES;
			};
			name = Release;
		};
		63C8BF962781411600E4AEEC /* Debug */ = {
			isa = XCBuildConfiguration;
			buildSettings = {
				ASSETCATALOG_COMPILER_APPICON_NAME = AppIcon;
				ASSETCATALOG_COMPILER_GLOBAL_ACCENT_COLOR_NAME = AccentColor;
				CODE_SIGN_ENTITLEMENTS = macOS/macOS.entitlements;
				CODE_SIGN_STYLE = Automatic;
				COMBINE_HIDPI_IMAGES = YES;
				CURRENT_PROJECT_VERSION = 1;
				DEVELOPMENT_TEAM = 5SK3M6FYSQ;
				ENABLE_HARDENED_RUNTIME = YES;
				ENABLE_PREVIEWS = YES;
				GENERATE_INFOPLIST_FILE = YES;
				INFOPLIST_KEY_NSHumanReadableCopyright = "";
				LD_RUNPATH_SEARCH_PATHS = (
					"$(inherited)",
					"@executable_path/../Frameworks",
				);
				MACOSX_DEPLOYMENT_TARGET = 12.0;
				MARKETING_VERSION = 1.0;
				PRODUCT_BUNDLE_IDENTIFIER = com.ezrabathini.Fruits;
				PRODUCT_NAME = Fruits;
				SDKROOT = macosx;
				SWIFT_EMIT_LOC_STRINGS = YES;
				SWIFT_VERSION = 5.0;
			};
			name = Debug;
		};
		63C8BF972781411600E4AEEC /* Release */ = {
			isa = XCBuildConfiguration;
			buildSettings = {
				ASSETCATALOG_COMPILER_APPICON_NAME = AppIcon;
				ASSETCATALOG_COMPILER_GLOBAL_ACCENT_COLOR_NAME = AccentColor;
				CODE_SIGN_ENTITLEMENTS = macOS/macOS.entitlements;
				CODE_SIGN_STYLE = Automatic;
				COMBINE_HIDPI_IMAGES = YES;
				CURRENT_PROJECT_VERSION = 1;
				DEVELOPMENT_TEAM = 5SK3M6FYSQ;
				ENABLE_HARDENED_RUNTIME = YES;
				ENABLE_PREVIEWS = YES;
				GENERATE_INFOPLIST_FILE = YES;
				INFOPLIST_KEY_NSHumanReadableCopyright = "";
				LD_RUNPATH_SEARCH_PATHS = (
					"$(inherited)",
					"@executable_path/../Frameworks",
				);
				MACOSX_DEPLOYMENT_TARGET = 12.0;
				MARKETING_VERSION = 1.0;
				PRODUCT_BUNDLE_IDENTIFIER = com.ezrabathini.Fruits;
				PRODUCT_NAME = Fruits;
				SDKROOT = macosx;
				SWIFT_EMIT_LOC_STRINGS = YES;
				SWIFT_VERSION = 5.0;
			};
			name = Release;
		};
		63C8BF992781411600E4AEEC /* Debug */ = {
			isa = XCBuildConfiguration;
			buildSettings = {
				ALWAYS_EMBED_SWIFT_STANDARD_LIBRARIES = YES;
				CODE_SIGN_STYLE = Automatic;
				CURRENT_PROJECT_VERSION = 1;
				DEVELOPMENT_TEAM = 5SK3M6FYSQ;
				GENERATE_INFOPLIST_FILE = YES;
				IPHONEOS_DEPLOYMENT_TARGET = 15.0;
				LD_RUNPATH_SEARCH_PATHS = (
					"$(inherited)",
					"@executable_path/Frameworks",
					"@loader_path/Frameworks",
				);
				MARKETING_VERSION = 1.0;
				PRODUCT_BUNDLE_IDENTIFIER = "com.ezrabathini.Tests-iOS";
				PRODUCT_NAME = "$(TARGET_NAME)";
				SDKROOT = iphoneos;
				SWIFT_EMIT_LOC_STRINGS = NO;
				SWIFT_VERSION = 5.0;
				TARGETED_DEVICE_FAMILY = "1,2";
				TEST_TARGET_NAME = "Fruits (iOS)";
			};
			name = Debug;
		};
		63C8BF9A2781411600E4AEEC /* Release */ = {
			isa = XCBuildConfiguration;
			buildSettings = {
				ALWAYS_EMBED_SWIFT_STANDARD_LIBRARIES = YES;
				CODE_SIGN_STYLE = Automatic;
				CURRENT_PROJECT_VERSION = 1;
				DEVELOPMENT_TEAM = 5SK3M6FYSQ;
				GENERATE_INFOPLIST_FILE = YES;
				IPHONEOS_DEPLOYMENT_TARGET = 15.0;
				LD_RUNPATH_SEARCH_PATHS = (
					"$(inherited)",
					"@executable_path/Frameworks",
					"@loader_path/Frameworks",
				);
				MARKETING_VERSION = 1.0;
				PRODUCT_BUNDLE_IDENTIFIER = "com.ezrabathini.Tests-iOS";
				PRODUCT_NAME = "$(TARGET_NAME)";
				SDKROOT = iphoneos;
				SWIFT_EMIT_LOC_STRINGS = NO;
				SWIFT_VERSION = 5.0;
				TARGETED_DEVICE_FAMILY = "1,2";
				TEST_TARGET_NAME = "Fruits (iOS)";
				VALIDATE_PRODUCT = YES;
			};
			name = Release;
		};
		63C8BF9C2781411600E4AEEC /* Debug */ = {
			isa = XCBuildConfiguration;
			buildSettings = {
				ALWAYS_EMBED_SWIFT_STANDARD_LIBRARIES = YES;
				CODE_SIGN_STYLE = Automatic;
				COMBINE_HIDPI_IMAGES = YES;
				CURRENT_PROJECT_VERSION = 1;
				DEVELOPMENT_TEAM = 5SK3M6FYSQ;
				GENERATE_INFOPLIST_FILE = YES;
				LD_RUNPATH_SEARCH_PATHS = (
					"$(inherited)",
					"@executable_path/../Frameworks",
					"@loader_path/../Frameworks",
				);
				MACOSX_DEPLOYMENT_TARGET = 12.0;
				MARKETING_VERSION = 1.0;
				PRODUCT_BUNDLE_IDENTIFIER = "com.ezrabathini.Tests-macOS";
				PRODUCT_NAME = "$(TARGET_NAME)";
				SDKROOT = macosx;
				SWIFT_EMIT_LOC_STRINGS = NO;
				SWIFT_VERSION = 5.0;
				TEST_TARGET_NAME = "Fruits (macOS)";
			};
			name = Debug;
		};
		63C8BF9D2781411600E4AEEC /* Release */ = {
			isa = XCBuildConfiguration;
			buildSettings = {
				ALWAYS_EMBED_SWIFT_STANDARD_LIBRARIES = YES;
				CODE_SIGN_STYLE = Automatic;
				COMBINE_HIDPI_IMAGES = YES;
				CURRENT_PROJECT_VERSION = 1;
				DEVELOPMENT_TEAM = 5SK3M6FYSQ;
				GENERATE_INFOPLIST_FILE = YES;
				LD_RUNPATH_SEARCH_PATHS = (
					"$(inherited)",
					"@executable_path/../Frameworks",
					"@loader_path/../Frameworks",
				);
				MACOSX_DEPLOYMENT_TARGET = 12.0;
				MARKETING_VERSION = 1.0;
				PRODUCT_BUNDLE_IDENTIFIER = "com.ezrabathini.Tests-macOS";
				PRODUCT_NAME = "$(TARGET_NAME)";
				SDKROOT = macosx;
				SWIFT_EMIT_LOC_STRINGS = NO;
				SWIFT_VERSION = 5.0;
				TEST_TARGET_NAME = "Fruits (macOS)";
			};
			name = Release;
		};
/* End XCBuildConfiguration section */

/* Begin XCConfigurationList section */
		63C8BF602781411300E4AEEC /* Build configuration list for PBXProject "Fruits" */ = {
			isa = XCConfigurationList;
			buildConfigurations = (
				63C8BF902781411600E4AEEC /* Debug */,
				63C8BF912781411600E4AEEC /* Release */,
			);
			defaultConfigurationIsVisible = 0;
			defaultConfigurationName = Release;
		};
		63C8BF922781411600E4AEEC /* Build configuration list for PBXNativeTarget "Fruits (iOS)" */ = {
			isa = XCConfigurationList;
			buildConfigurations = (
				63C8BF932781411600E4AEEC /* Debug */,
				63C8BF942781411600E4AEEC /* Release */,
			);
			defaultConfigurationIsVisible = 0;
			defaultConfigurationName = Release;
		};
		63C8BF952781411600E4AEEC /* Build configuration list for PBXNativeTarget "Fruits (macOS)" */ = {
			isa = XCConfigurationList;
			buildConfigurations = (
				63C8BF962781411600E4AEEC /* Debug */,
				63C8BF972781411600E4AEEC /* Release */,
			);
			defaultConfigurationIsVisible = 0;
			defaultConfigurationName = Release;
		};
		63C8BF982781411600E4AEEC /* Build configuration list for PBXNativeTarget "Tests iOS" */ = {
			isa = XCConfigurationList;
			buildConfigurations = (
				63C8BF992781411600E4AEEC /* Debug */,
				63C8BF9A2781411600E4AEEC /* Release */,
			);
			defaultConfigurationIsVisible = 0;
			defaultConfigurationName = Release;
		};
		63C8BF9B2781411600E4AEEC /* Build configuration list for PBXNativeTarget "Tests macOS" */ = {
			isa = XCConfigurationList;
			buildConfigurations = (
				63C8BF9C2781411600E4AEEC /* Debug */,
				63C8BF9D2781411600E4AEEC /* Release */,
			);
			defaultConfigurationIsVisible = 0;
			defaultConfigurationName = Release;
		};
/* End XCConfigurationList section */
	};
	rootObject = 63C8BF5D2781411300E4AEEC /* Project object */;
}
